
Microsoft Visual Studio Solution File, Format Version 12.00
# Visual Studio Version 17
VisualStudioVersion = 17.0.31912.275
MinimumVisualStudioVersion = 10.0.40219.1
Project("{9A19103F-16F7-4668-BE54-9A1E7A4F7556}") = "VrMarketim.Entities", "VrMarketim.Entities\VrMarketim.Entities.csproj", "{DC0EC46C-AD20-425C-AB25-B996F3269E48}"
EndProject
Project("{9A19103F-16F7-4668-BE54-9A1E7A4F7556}") = "VrMarketim.DataAccess", "VrMarketim.DataAccess\VrMarketim.DataAccess.csproj", "{7DF4CA07-4019-4D6E-B16A-7A1AC0366925}"
EndProject
Project("{9A19103F-16F7-4668-BE54-9A1E7A4F7556}") = "VrMarketim.Dto", "VrMarketim.Dto\VrMarketim.Dto.csproj", "{9235F6A6-0C2F-4D86-B29F-43DF76437010}"
EndProject
Project("{9A19103F-16F7-4668-BE54-9A1E7A4F7556}") = "VrMarketim.Business", "VrMarketim.Business\VrMarketim.Business.csproj", "{2C8F9B3B-D923-4A06-A372-F3FB87206B1E}"
EndProject
Project("{9A19103F-16F7-4668-BE54-9A1E7A4F7556}") = "VrMarketim.API", "VrMarketim.API\VrMarketim.API.csproj", "{7E5D152F-21D9-4A30-BED4-F5A95D02844A}"
EndProject
Project("{FAE04EC0-301F-11D3-BF4B-00C04F79EFBC}") = "VrMarketim.MailService", "VrMarketim.MailService\VrMarketim.MailService.csproj", "{0D2B08DB-4615-4468-8121-8B9C9C0E306A}"
EndProject
Global
	GlobalSection(SolutionConfigurationPlatforms) = preSolution
		Debug|Any CPU = Debug|Any CPU
		Release|Any CPU = Release|Any CPU
	EndGlobalSection
	GlobalSection(ProjectConfigurationPlatforms) = postSolution
		{DC0EC46C-AD20-425C-AB25-B996F3269E48}.Debug|Any CPU.ActiveCfg = Debug|Any CPU
		{DC0EC46C-AD20-425C-AB25-B996F3269E48}.Debug|Any CPU.Build.0 = Debug|Any CPU
		{DC0EC46C-AD20-425C-AB25-B996F3269E48}.Release|Any CPU.ActiveCfg = Release|Any CPU
		{DC0EC46C-AD20-425C-AB25-B996F3269E48}.Release|Any CPU.Build.0 = Release|Any CPU
		{7DF4CA07-4019-4D6E-B16A-7A1AC0366925}.Debug|Any CPU.ActiveCfg = Debug|Any CPU
		{7DF4CA07-4019-4D6E-B16A-7A1AC0366925}.Debug|Any CPU.Build.0 = Debug|Any CPU
		{7DF4CA07-4019-4D6E-B16A-7A1AC0366925}.Release|Any CPU.ActiveCfg = Release|Any CPU
		{7DF4CA07-4019-4D6E-B16A-7A1AC0366925}.Release|Any CPU.Build.0 = Release|Any CPU
		{9235F6A6-0C2F-4D86-B29F-43DF76437010}.Debug|Any CPU.ActiveCfg = Debug|Any CPU
		{9235F6A6-0C2F-4D86-B29F-43DF76437010}.Debug|Any CPU.Build.0 = Debug|Any CPU
		{9235F6A6-0C2F-4D86-B29F-43DF76437010}.Release|Any CPU.ActiveCfg = Release|Any CPU
		{9235F6A6-0C2F-4D86-B29F-43DF76437010}.Release|Any CPU.Build.0 = Release|Any CPU
		{2C8F9B3B-D923-4A06-A372-F3FB87206B1E}.Debug|Any CPU.ActiveCfg = Debug|Any CPU
		{2C8F9B3B-D923-4A06-A372-F3FB87206B1E}.Debug|Any CPU.Build.0 = Debug|Any CPU
		{2C8F9B3B-D923-4A06-A372-F3FB87206B1E}.Release|Any CPU.ActiveCfg = Release|Any CPU
		{2C8F9B3B-D923-4A06-A372-F3FB87206B1E}.Release|Any CPU.Build.0 = Release|Any CPU
		{7E5D152F-21D9-4A30-BED4-F5A95D02844A}.Debug|Any CPU.ActiveCfg = Debug|Any CPU
		{7E5D152F-21D9-4A30-BED4-F5A95D02844A}.Debug|Any CPU.Build.0 = Debug|Any CPU
		{7E5D152F-21D9-4A30-BED4-F5A95D02844A}.Release|Any CPU.ActiveCfg = Release|Any CPU
		{7E5D152F-21D9-4A30-BED4-F5A95D02844A}.Release|Any CPU.Build.0 = Release|Any CPU
		{0D2B08DB-4615-4468-8121-8B9C9C0E306A}.Debug|Any CPU.ActiveCfg = Debug|Any CPU
		{0D2B08DB-4615-4468-8121-8B9C9C0E306A}.Debug|Any CPU.Build.0 = Debug|Any CPU
		{0D2B08DB-4615-4468-8121-8B9C9C0E306A}.Release|Any CPU.ActiveCfg = Release|Any CPU
		{0D2B08DB-4615-4468-8121-8B9C9C0E306A}.Release|Any CPU.Build.0 = Release|Any CPU
	EndGlobalSection
	GlobalSection(SolutionProperties) = preSolution
		HideSolutionNode = FALSE
	EndGlobalSection
	GlobalSection(ExtensibilityGlobals) = postSolution
		SolutionGuid = {1A05A50E-5AB9-41F2-9531-CBCB333AAE11}
	EndGlobalSection
EndGlobal
